// !$*UTF8*$!
{
	archiveVersion = 1;
	classes = {
	};
	objectVersion = 50;
	objects = {

/* Begin PBXBuildFile section */
		52707C0524041D3A005E0D6E /* CustomViewCell.swift in Sources */ = {isa = PBXBuildFile; fileRef = 52707C0424041D3A005E0D6E /* CustomViewCell.swift */; };
		52707C0724044C15005E0D6E /* DataInfo.swift in Sources */ = {isa = PBXBuildFile; fileRef = 52707C0624044C15005E0D6E /* DataInfo.swift */; };
		52AC101124098B8C000DCB37 /* SecondLanguageVC.swift in Sources */ = {isa = PBXBuildFile; fileRef = 52AC101024098B8C000DCB37 /* SecondLanguageVC.swift */; };
		52CDA76C2402E69100EDC07A /* Images.swift in Sources */ = {isa = PBXBuildFile; fileRef = 52CDA76B2402E69100EDC07A /* Images.swift */; };
		52CDA76E2402E8C000EDC07A /* UIViewExten.swift in Sources */ = {isa = PBXBuildFile; fileRef = 52CDA76D2402E8C000EDC07A /* UIViewExten.swift */; };
		52CDA7702402E95F00EDC07A /* ProgLanguageVC.swift in Sources */ = {isa = PBXBuildFile; fileRef = 52CDA76F2402E95F00EDC07A /* ProgLanguageVC.swift */; };
		52D274D624026FCF0007F6D9 /* AppDelegate.swift in Sources */ = {isa = PBXBuildFile; fileRef = 52D274D524026FCF0007F6D9 /* AppDelegate.swift */; };
		52D274D824026FCF0007F6D9 /* SceneDelegate.swift in Sources */ = {isa = PBXBuildFile; fileRef = 52D274D724026FCF0007F6D9 /* SceneDelegate.swift */; };
		52D274DF24026FD10007F6D9 /* Assets.xcassets in Resources */ = {isa = PBXBuildFile; fileRef = 52D274DE24026FD10007F6D9 /* Assets.xcassets */; };
		52D274E224026FD10007F6D9 /* LaunchScreen.storyboard in Resources */ = {isa = PBXBuildFile; fileRef = 52D274E024026FD10007F6D9 /* LaunchScreen.storyboard */; };
		52D7A084240BDF2400066E7B /* LanguagesFounders.swift in Sources */ = {isa = PBXBuildFile; fileRef = 52D7A083240BDF2400066E7B /* LanguagesFounders.swift */; };
/* End PBXBuildFile section */

/* Begin PBXFileReference section */
		52707C0424041D3A005E0D6E /* CustomViewCell.swift */ = {isa = PBXFileReference; lastKnownFileType = sourcecode.swift; path = CustomViewCell.swift; sourceTree = "<group>"; };
		52707C0624044C15005E0D6E /* DataInfo.swift */ = {isa = PBXFileReference; lastKnownFileType = sourcecode.swift; path = DataInfo.swift; sourceTree = "<group>"; };
		52AC101024098B8C000DCB37 /* SecondLanguageVC.swift */ = {isa = PBXFileReference; lastKnownFileType = sourcecode.swift; path = SecondLanguageVC.swift; sourceTree = "<group>"; };
		52CDA76B2402E69100EDC07A /* Images.swift */ = {isa = PBXFileReference; lastKnownFileType = sourcecode.swift; path = Images.swift; sourceTree = "<group>"; };
		52CDA76D2402E8C000EDC07A /* UIViewExten.swift */ = {isa = PBXFileReference; lastKnownFileType = sourcecode.swift; path = UIViewExten.swift; sourceTree = "<group>"; };
		52CDA76F2402E95F00EDC07A /* ProgLanguageVC.swift */ = {isa = PBXFileReference; lastKnownFileType = sourcecode.swift; path = ProgLanguageVC.swift; sourceTree = "<group>"; };
		52D274D224026FCF0007F6D9 /* MyTableViewWithoutStoryboard.app */ = {isa = PBXFileReference; explicitFileType = wrapper.application; includeInIndex = 0; path = MyTableViewWithoutStoryboard.app; sourceTree = BUILT_PRODUCTS_DIR; };
		52D274D524026FCF0007F6D9 /* AppDelegate.swift */ = {isa = PBXFileReference; lastKnownFileType = sourcecode.swift; path = AppDelegate.swift; sourceTree = "<group>"; };
		52D274D724026FCF0007F6D9 /* SceneDelegate.swift */ = {isa = PBXFileReference; lastKnownFileType = sourcecode.swift; path = SceneDelegate.swift; sourceTree = "<group>"; };
		52D274DE24026FD10007F6D9 /* Assets.xcassets */ = {isa = PBXFileReference; lastKnownFileType = folder.assetcatalog; path = Assets.xcassets; sourceTree = "<group>"; };
		52D274E124026FD10007F6D9 /* Base */ = {isa = PBXFileReference; lastKnownFileType = file.storyboard; name = Base; path = Base.lproj/LaunchScreen.storyboard; sourceTree = "<group>"; };
		52D274E324026FD10007F6D9 /* Info.plist */ = {isa = PBXFileReference; lastKnownFileType = text.plist.xml; path = Info.plist; sourceTree = "<group>"; };
		52D7A083240BDF2400066E7B /* LanguagesFounders.swift */ = {isa = PBXFileReference; lastKnownFileType = sourcecode.swift; path = LanguagesFounders.swift; sourceTree = "<group>"; };
/* End PBXFileReference section */

/* Begin PBXFrameworksBuildPhase section */
		52D274CF24026FCF0007F6D9 /* Frameworks */ = {
			isa = PBXFrameworksBuildPhase;
			buildActionMask = 2147483647;
			files = (
			);
			runOnlyForDeploymentPostprocessing = 0;
		};
/* End PBXFrameworksBuildPhase section */

/* Begin PBXGroup section */
		52CDA7602402E28D00EDC07A /* Extensions */ = {
			isa = PBXGroup;
			children = (
				52CDA76B2402E69100EDC07A /* Images.swift */,
				52CDA76D2402E8C000EDC07A /* UIViewExten.swift */,
			);
			path = Extensions;
			sourceTree = "<group>";
		};
		52CDA7612402E2A100EDC07A /* Model */ = {
			isa = PBXGroup;
			children = (
				52707C0624044C15005E0D6E /* DataInfo.swift */,
				52D7A083240BDF2400066E7B /* LanguagesFounders.swift */,
			);
			path = Model;
			sourceTree = "<group>";
		};
		52CDA7642402E2FA00EDC07A /* Supporting */ = {
			isa = PBXGroup;
			children = (
				52D274D524026FCF0007F6D9 /* AppDelegate.swift */,
				52D274D724026FCF0007F6D9 /* SceneDelegate.swift */,
				52D274DE24026FD10007F6D9 /* Assets.xcassets */,
				52D274E024026FD10007F6D9 /* LaunchScreen.storyboard */,
			);
			path = Supporting;
			sourceTree = "<group>";
		};
		52D274C924026FCF0007F6D9 = {
			isa = PBXGroup;
			children = (
				52D274D424026FCF0007F6D9 /* MyTableViewWithoutStoryboard */,
				52D274D324026FCF0007F6D9 /* Products */,
			);
			sourceTree = "<group>";
		};
		52D274D324026FCF0007F6D9 /* Products */ = {
			isa = PBXGroup;
			children = (
				52D274D224026FCF0007F6D9 /* MyTableViewWithoutStoryboard.app */,
			);
			name = Products;
			sourceTree = "<group>";
		};
		52D274D424026FCF0007F6D9 /* MyTableViewWithoutStoryboard */ = {
			isa = PBXGroup;
			children = (
				52CDA7602402E28D00EDC07A /* Extensions */,
				52CDA7612402E2A100EDC07A /* Model */,
				52D274E324026FD10007F6D9 /* Info.plist */,
				52CDA76F2402E95F00EDC07A /* ProgLanguageVC.swift */,
				52AC101024098B8C000DCB37 /* SecondLanguageVC.swift */,
				52707C0424041D3A005E0D6E /* CustomViewCell.swift */,
				52CDA7642402E2FA00EDC07A /* Supporting */,
			);
			path = MyTableViewWithoutStoryboard;
			sourceTree = "<group>";
		};
/* End PBXGroup section */

/* Begin PBXNativeTarget section */
		52D274D124026FCF0007F6D9 /* MyTableViewWithoutStoryboard */ = {
			isa = PBXNativeTarget;
			buildConfigurationList = 52D274E624026FD10007F6D9 /* Build configuration list for PBXNativeTarget "MyTableViewWithoutStoryboard" */;
			buildPhases = (
				52D274CE24026FCF0007F6D9 /* Sources */,
				52D274CF24026FCF0007F6D9 /* Frameworks */,
				52D274D024026FCF0007F6D9 /* Resources */,
			);
			buildRules = (
			);
			dependencies = (
			);
			name = MyTableViewWithoutStoryboard;
			productName = MyTableViewWithoutStoryboard;
			productReference = 52D274D224026FCF0007F6D9 /* MyTableViewWithoutStoryboard.app */;
			productType = "com.apple.product-type.application";
		};
/* End PBXNativeTarget section */

/* Begin PBXProject section */
		52D274CA24026FCF0007F6D9 /* Project object */ = {
			isa = PBXProject;
			attributes = {
				LastSwiftUpdateCheck = 1130;
				LastUpgradeCheck = 1130;
				ORGANIZATIONNAME = "Eric Grant";
				TargetAttributes = {
					52D274D124026FCF0007F6D9 = {
						CreatedOnToolsVersion = 11.3.1;
					};
				};
			};
			buildConfigurationList = 52D274CD24026FCF0007F6D9 /* Build configuration list for PBXProject "MyTableViewWithoutStoryboard" */;
			compatibilityVersion = "Xcode 9.3";
			developmentRegion = en;
			hasScannedForEncodings = 0;
			knownRegions = (
				en,
				Base,
			);
			mainGroup = 52D274C924026FCF0007F6D9;
			productRefGroup = 52D274D324026FCF0007F6D9 /* Products */;
			projectDirPath = "";
			projectRoot = "";
			targets = (
				52D274D124026FCF0007F6D9 /* MyTableViewWithoutStoryboard */,
			);
		};
/* End PBXProject section */

/* Begin PBXResourcesBuildPhase section */
		52D274D024026FCF0007F6D9 /* Resources */ = {
			isa = PBXResourcesBuildPhase;
			buildActionMask = 2147483647;
			files = (
				52D274E224026FD10007F6D9 /* LaunchScreen.storyboard in Resources */,
				52D274DF24026FD10007F6D9 /* Assets.xcassets in Resources */,
			);
			runOnlyForDeploymentPostprocessing = 0;
		};
/* End PBXResourcesBuildPhase section */

/* Begin PBXSourcesBuildPhase section */
		52D274CE24026FCF0007F6D9 /* Sources */ = {
			isa = PBXSourcesBuildPhase;
			buildActionMask = 2147483647;
			files = (
				52D7A084240BDF2400066E7B /* LanguagesFounders.swift in Sources */,
				52CDA76C2402E69100EDC07A /* Images.swift in Sources */,
				52707C0524041D3A005E0D6E /* CustomViewCell.swift in Sources */,
				52AC101124098B8C000DCB37 /* SecondLanguageVC.swift in Sources */,
				52CDA7702402E95F00EDC07A /* ProgLanguageVC.swift in Sources */,
				52D274D624026FCF0007F6D9 /* AppDelegate.swift in Sources */,
				52D274D824026FCF0007F6D9 /* SceneDelegate.swift in Sources */,
				52CDA76E2402E8C000EDC07A /* UIViewExten.swift in Sources */,
				52707C0724044C15005E0D6E /* DataInfo.swift in Sources */,
			);
			runOnlyForDeploymentPostprocessing = 0;
		};
/* End PBXSourcesBuildPhase section */

/* Begin PBXVariantGroup section */
		52D274E024026FD10007F6D9 /* LaunchScreen.storyboard */ = {
			isa = PBXVariantGroup;
			children = (
				52D274E124026FD10007F6D9 /* Base */,
			);
			name = LaunchScreen.storyboard;
			sourceTree = "<group>";
		};
/* End PBXVariantGroup section */

/* Begin XCBuildConfiguration section */
		52D274E424026FD10007F6D9 /* Debug */ = {
			isa = XCBuildConfiguration;
			buildSettings = {
				ALWAYS_SEARCH_USER_PATHS = NO;
				CLANG_ANALYZER_NONNULL = YES;
				CLANG_ANALYZER_NUMBER_OBJECT_CONVERSION = YES_AGGRESSIVE;
				CLANG_CXX_LANGUAGE_STANDARD = "gnu++14";
				CLANG_CXX_LIBRARY = "libc++";
				CLANG_ENABLE_MODULES = YES;
				CLANG_ENABLE_OBJC_ARC = YES;
				CLANG_ENABLE_OBJC_WEAK = YES;
				CLANG_WARN_BLOCK_CAPTURE_AUTORELEASING = YES;
				CLANG_WARN_BOOL_CONVERSION = YES;
				CLANG_WARN_COMMA = YES;
				CLANG_WARN_CONSTANT_CONVERSION = YES;
				CLANG_WARN_DEPRECATED_OBJC_IMPLEMENTATIONS = YES;
				CLANG_WARN_DIRECT_OBJC_ISA_USAGE = YES_ERROR;
				CLANG_WARN_DOCUMENTATION_COMMENTS = YES;
				CLANG_WARN_EMPTY_BODY = YES;
				CLANG_WARN_ENUM_CONVERSION = YES;
				CLANG_WARN_INFINITE_RECURSION = YES;
				CLANG_WARN_INT_CONVERSION = YES;
				CLANG_WARN_NON_LITERAL_NULL_CONVERSION = YES;
				CLANG_WARN_OBJC_IMPLICIT_RETAIN_SELF = YES;
				CLANG_WARN_OBJC_LITERAL_CONVERSION = YES;
				CLANG_WARN_OBJC_ROOT_CLASS = YES_ERROR;
				CLANG_WARN_RANGE_LOOP_ANALYSIS = YES;
				CLANG_WARN_STRICT_PROTOTYPES = YES;
				CLANG_WARN_SUSPICIOUS_MOVE = YES;
				CLANG_WARN_UNGUARDED_AVAILABILITY = YES_AGGRESSIVE;
				CLANG_WARN_UNREACHABLE_CODE = YES;
				CLANG_WARN__DUPLICATE_METHOD_MATCH = YES;
				COPY_PHASE_STRIP = NO;
				DEBUG_INFORMATION_FORMAT = dwarf;
				ENABLE_STRICT_OBJC_MSGSEND = YES;
				ENABLE_TESTABILITY = YES;
				GCC_C_LANGUAGE_STANDARD = gnu11;
				GCC_DYNAMIC_NO_PIC = NO;
				GCC_NO_COMMON_BLOCKS = YES;
				GCC_OPTIMIZATION_LEVEL = 0;
				GCC_PREPROCESSOR_DEFINITIONS = (
					"DEBUG=1",
					"$(inherited)",
				);
				GCC_WARN_64_TO_32_BIT_CONVERSION = YES;
				GCC_WARN_ABOUT_RETURN_TYPE = YES_ERROR;
				GCC_WARN_UNDECLARED_SELECTOR = YES;
				GCC_WARN_UNINITIALIZED_AUTOS = YES_AGGRESSIVE;
				GCC_WARN_UNUSED_FUNCTION = YES;
				GCC_WARN_UNUSED_VARIABLE = YES;
				IPHONEOS_DEPLOYMENT_TARGET = 13.2;
				MTL_ENABLE_DEBUG_INFO = INCLUDE_SOURCE;
				MTL_FAST_MATH = YES;
				ONLY_ACTIVE_ARCH = YES;
				SDKROOT = iphoneos;
				SWIFT_ACTIVE_COMPILATION_CONDITIONS = DEBUG;
				SWIFT_OPTIMIZATION_LEVEL = "-Onone";
			};
			name = Debug;
		};
		52D274E524026FD10007F6D9 /* Release */ = {
			isa = XCBuildConfiguration;
			buildSettings = {
				ALWAYS_SEARCH_USER_PATHS = NO;
				CLANG_ANALYZER_NONNULL = YES;
				CLANG_ANALYZER_NUMBER_OBJECT_CONVERSION = YES_AGGRESSIVE;
				CLANG_CXX_LANGUAGE_STANDARD = "gnu++14";
				CLANG_CXX_LIBRARY = "libc++";
				CLANG_ENABLE_MODULES = YES;
				CLANG_ENABLE_OBJC_ARC = YES;
				CLANG_ENABLE_OBJC_WEAK = YES;
				CLANG_WARN_BLOCK_CAPTURE_AUTORELEASING = YES;
				CLANG_WARN_BOOL_CONVERSION = YES;
				CLANG_WARN_COMMA = YES;
				CLANG_WARN_CONSTANT_CONVERSION = YES;
				CLANG_WARN_DEPRECATED_OBJC_IMPLEMENTATIONS = YES;
				CLANG_WARN_DIRECT_OBJC_ISA_USAGE = YES_ERROR;
				CLANG_WARN_DOCUMENTATION_COMMENTS = YES;
				CLANG_WARN_EMPTY_BODY = YES;
				CLANG_WARN_ENUM_CONVERSION = YES;
				CLANG_WARN_INFINITE_RECURSION = YES;
				CLANG_WARN_INT_CONVERSION = YES;
				CLANG_WARN_NON_LITERAL_NULL_CONVERSION = YES;
				CLANG_WARN_OBJC_IMPLICIT_RETAIN_SELF = YES;
				CLANG_WARN_OBJC_LITERAL_CONVERSION = YES;
				CLANG_WARN_OBJC_ROOT_CLASS = YES_ERROR;
				CLANG_WARN_RANGE_LOOP_ANALYSIS = YES;
				CLANG_WARN_STRICT_PROTOTYPES = YES;
				CLANG_WARN_SUSPICIOUS_MOVE = YES;
				CLANG_WARN_UNGUARDED_AVAILABILITY = YES_AGGRESSIVE;
				CLANG_WARN_UNREACHABLE_CODE = YES;
				CLANG_WARN__DUPLICATE_METHOD_MATCH = YES;
				COPY_PHASE_STRIP = NO;
				DEBUG_INFORMATION_FORMAT = "dwarf-with-dsym";
				ENABLE_NS_ASSERTIONS = NO;
				ENABLE_STRICT_OBJC_MSGSEND = YES;
				GCC_C_LANGUAGE_STANDARD = gnu11;
				GCC_NO_COMMON_BLOCKS = YES;
				GCC_WARN_64_TO_32_BIT_CONVERSION = YES;
				GCC_WARN_ABOUT_RETURN_TYPE = YES_ERROR;
				GCC_WARN_UNDECLARED_SELECTOR = YES;
				GCC_WARN_UNINITIALIZED_AUTOS = YES_AGGRESSIVE;
				GCC_WARN_UNUSED_FUNCTION = YES;
				GCC_WARN_UNUSED_VARIABLE = YES;
				IPHONEOS_DEPLOYMENT_TARGET = 13.2;
				MTL_ENABLE_DEBUG_INFO = NO;
				MTL_FAST_MATH = YES;
				SDKROOT = iphoneos;
				SWIFT_COMPILATION_MODE = wholemodule;
				SWIFT_OPTIMIZATION_LEVEL = "-O";
				VALIDATE_PRODUCT = YES;
			};
			name = Release;
		};
		52D274E724026FD10007F6D9 /* Debug */ = {
			isa = XCBuildConfiguration;
			buildSettings = {
				ASSETCATALOG_COMPILER_APPICON_NAME = AppIcon;
				CODE_SIGN_STYLE = Automatic;
				DEVELOPMENT_TEAM = 972D9Z4QKX;
				INFOPLIST_FILE = MyTableViewWithoutStoryboard/Info.plist;
				LD_RUNPATH_SEARCH_PATHS = (
					"$(inherited)",
					"@executable_path/Frameworks",
				);
				PRODUCT_BUNDLE_IDENTIFIER = com.ericgrant.MyTableViewWithoutStoryboard;
				PRODUCT_NAME = "$(TARGET_NAME)";
				SWIFT_VERSION = 5.0;
				TARGETED_DEVICE_FAMILY = "1,2";
			};
			name = Debug;
		};
		52D274E824026FD10007F6D9 /* Release */ = {
			isa = XCBuildConfiguration;
			buildSettings = {
				ASSETCATALOG_COMPILER_APPICON_NAME = AppIcon;
				CODE_SIGN_STYLE = Automatic;
				DEVELOPMENT_TEAM = 972D9Z4QKX;
				INFOPLIST_FILE = MyTableViewWithoutStoryboard/Info.plist;
				LD_RUNPATH_SEARCH_PATHS = (
					"$(inherited)",
					"@executable_path/Frameworks",
				);
				PRODUCT_BUNDLE_IDENTIFIER = com.ericgrant.MyTableViewWithoutStoryboard;
				PRODUCT_NAME = "$(TARGET_NAME)";
				SWIFT_VERSION = 5.0;
				TARGETED_DEVICE_FAMILY = "1,2";
			};
			name = Release;
		};
/* End XCBuildConfiguration section */

/* Begin XCConfigurationList section */
		52D274CD24026FCF0007F6D9 /* Build configuration list for PBXProject "MyTableViewWithoutStoryboard" */ = {
			isa = XCConfigurationList;
			buildConfigurations = (
				52D274E424026FD10007F6D9 /* Debug */,
				52D274E524026FD10007F6D9 /* Release */,
			);
			defaultConfigurationIsVisible = 0;
			defaultConfigurationName = Release;
		};
		52D274E624026FD10007F6D9 /* Build configuration list for PBXNativeTarget "MyTableViewWithoutStoryboard" */ = {
			isa = XCConfigurationList;
			buildConfigurations = (
				52D274E724026FD10007F6D9 /* Debug */,
				52D274E824026FD10007F6D9 /* Release */,
			);
			defaultConfigurationIsVisible = 0;
			defaultConfigurationName = Release;
		};
/* End XCConfigurationList section */
	};
	rootObject = 52D274CA24026FCF0007F6D9 /* Project object */;
}
