// !$*UTF8*$!
{
	archiveVersion = 1;
	classes = {
	};
	objectVersion = 50;
	objects = {

/* Begin PBXBuildFile section */
		52ECFCEE23C4BC0A00F5BDB8 /* AppDelegate.swift in Sources */ = {isa = PBXBuildFile; fileRef = 52ECFCED23C4BC0A00F5BDB8 /* AppDelegate.swift */; };
		52ECFCF023C4BC0A00F5BDB8 /* SceneDelegate.swift in Sources */ = {isa = PBXBuildFile; fileRef = 52ECFCEF23C4BC0A00F5BDB8 /* SceneDelegate.swift */; };
		52ECFCF223C4BC0A00F5BDB8 /* ViewController.swift in Sources */ = {isa = PBXBuildFile; fileRef = 52ECFCF123C4BC0A00F5BDB8 /* ViewController.swift */; };
		52ECFCF523C4BC0A00F5BDB8 /* Main.storyboard in Resources */ = {isa = PBXBuildFile; fileRef = 52ECFCF323C4BC0A00F5BDB8 /* Main.storyboard */; };
		52ECFCF723C4BC0B00F5BDB8 /* Assets.xcassets in Resources */ = {isa = PBXBuildFile; fileRef = 52ECFCF623C4BC0B00F5BDB8 /* Assets.xcassets */; };
		52ECFCFA23C4BC0B00F5BDB8 /* LaunchScreen.storyboard in Resources */ = {isa = PBXBuildFile; fileRef = 52ECFCF823C4BC0B00F5BDB8 /* LaunchScreen.storyboard */; };
		52ECFD0423C4BE6F00F5BDB8 /* TableViewCell.swift in Sources */ = {isa = PBXBuildFile; fileRef = 52ECFD0223C4BE6F00F5BDB8 /* TableViewCell.swift */; };
		52ECFD0523C4BE6F00F5BDB8 /* TableViewCell.xib in Resources */ = {isa = PBXBuildFile; fileRef = 52ECFD0323C4BE6F00F5BDB8 /* TableViewCell.xib */; };
		52ECFD0923C524F600F5BDB8 /* ComponentVC.swift in Sources */ = {isa = PBXBuildFile; fileRef = 52ECFD0723C524F600F5BDB8 /* ComponentVC.swift */; };
		52ECFD0A23C524F600F5BDB8 /* ComponentVC.xib in Resources */ = {isa = PBXBuildFile; fileRef = 52ECFD0823C524F600F5BDB8 /* ComponentVC.xib */; };
/* End PBXBuildFile section */

/* Begin PBXFileReference section */
		52ECFCEA23C4BC0A00F5BDB8 /* MyTableViewXib.app */ = {isa = PBXFileReference; explicitFileType = wrapper.application; includeInIndex = 0; path = MyTableViewXib.app; sourceTree = BUILT_PRODUCTS_DIR; };
		52ECFCED23C4BC0A00F5BDB8 /* AppDelegate.swift */ = {isa = PBXFileReference; lastKnownFileType = sourcecode.swift; path = AppDelegate.swift; sourceTree = "<group>"; };
		52ECFCEF23C4BC0A00F5BDB8 /* SceneDelegate.swift */ = {isa = PBXFileReference; lastKnownFileType = sourcecode.swift; path = SceneDelegate.swift; sourceTree = "<group>"; };
		52ECFCF123C4BC0A00F5BDB8 /* ViewController.swift */ = {isa = PBXFileReference; lastKnownFileType = sourcecode.swift; path = ViewController.swift; sourceTree = "<group>"; };
		52ECFCF423C4BC0A00F5BDB8 /* Base */ = {isa = PBXFileReference; lastKnownFileType = file.storyboard; name = Base; path = Base.lproj/Main.storyboard; sourceTree = "<group>"; };
		52ECFCF623C4BC0B00F5BDB8 /* Assets.xcassets */ = {isa = PBXFileReference; lastKnownFileType = folder.assetcatalog; path = Assets.xcassets; sourceTree = "<group>"; };
		52ECFCF923C4BC0B00F5BDB8 /* Base */ = {isa = PBXFileReference; lastKnownFileType = file.storyboard; name = Base; path = Base.lproj/LaunchScreen.storyboard; sourceTree = "<group>"; };
		52ECFCFB23C4BC0B00F5BDB8 /* Info.plist */ = {isa = PBXFileReference; lastKnownFileType = text.plist.xml; path = Info.plist; sourceTree = "<group>"; };
		52ECFD0223C4BE6F00F5BDB8 /* TableViewCell.swift */ = {isa = PBXFileReference; lastKnownFileType = sourcecode.swift; path = TableViewCell.swift; sourceTree = "<group>"; };
		52ECFD0323C4BE6F00F5BDB8 /* TableViewCell.xib */ = {isa = PBXFileReference; lastKnownFileType = file.xib; path = TableViewCell.xib; sourceTree = "<group>"; };
		52ECFD0723C524F600F5BDB8 /* ComponentVC.swift */ = {isa = PBXFileReference; lastKnownFileType = sourcecode.swift; path = ComponentVC.swift; sourceTree = "<group>"; };
		52ECFD0823C524F600F5BDB8 /* ComponentVC.xib */ = {isa = PBXFileReference; lastKnownFileType = file.xib; path = ComponentVC.xib; sourceTree = "<group>"; };
/* End PBXFileReference section */

/* Begin PBXFrameworksBuildPhase section */
		52ECFCE723C4BC0A00F5BDB8 /* Frameworks */ = {
			isa = PBXFrameworksBuildPhase;
			buildActionMask = 2147483647;
			files = (
			);
			runOnlyForDeploymentPostprocessing = 0;
		};
/* End PBXFrameworksBuildPhase section */

/* Begin PBXGroup section */
		52ECFCE123C4BC0A00F5BDB8 = {
			isa = PBXGroup;
			children = (
				52ECFCEC23C4BC0A00F5BDB8 /* MyTableViewXib */,
				52ECFCEB23C4BC0A00F5BDB8 /* Products */,
			);
			sourceTree = "<group>";
		};
		52ECFCEB23C4BC0A00F5BDB8 /* Products */ = {
			isa = PBXGroup;
			children = (
				52ECFCEA23C4BC0A00F5BDB8 /* MyTableViewXib.app */,
			);
			name = Products;
			sourceTree = "<group>";
		};
		52ECFCEC23C4BC0A00F5BDB8 /* MyTableViewXib */ = {
			isa = PBXGroup;
			children = (
				52ECFD0623C523DD00F5BDB8 /* ComponentVC */,
				52ECFD0123C4BE0000F5BDB8 /* Cell */,
				52ECFCED23C4BC0A00F5BDB8 /* AppDelegate.swift */,
				52ECFCEF23C4BC0A00F5BDB8 /* SceneDelegate.swift */,
				52ECFCF123C4BC0A00F5BDB8 /* ViewController.swift */,
				52ECFCF323C4BC0A00F5BDB8 /* Main.storyboard */,
				52ECFCF623C4BC0B00F5BDB8 /* Assets.xcassets */,
				52ECFCF823C4BC0B00F5BDB8 /* LaunchScreen.storyboard */,
				52ECFCFB23C4BC0B00F5BDB8 /* Info.plist */,
			);
			path = MyTableViewXib;
			sourceTree = "<group>";
		};
		52ECFD0123C4BE0000F5BDB8 /* Cell */ = {
			isa = PBXGroup;
			children = (
				52ECFD0223C4BE6F00F5BDB8 /* TableViewCell.swift */,
				52ECFD0323C4BE6F00F5BDB8 /* TableViewCell.xib */,
			);
			path = Cell;
			sourceTree = "<group>";
		};
		52ECFD0623C523DD00F5BDB8 /* ComponentVC */ = {
			isa = PBXGroup;
			children = (
				52ECFD0723C524F600F5BDB8 /* ComponentVC.swift */,
				52ECFD0823C524F600F5BDB8 /* ComponentVC.xib */,
			);
			path = ComponentVC;
			sourceTree = "<group>";
		};
/* End PBXGroup section */

/* Begin PBXNativeTarget section */
		52ECFCE923C4BC0A00F5BDB8 /* MyTableViewXib */ = {
			isa = PBXNativeTarget;
			buildConfigurationList = 52ECFCFE23C4BC0B00F5BDB8 /* Build configuration list for PBXNativeTarget "MyTableViewXib" */;
			buildPhases = (
				52ECFCE623C4BC0A00F5BDB8 /* Sources */,
				52ECFCE723C4BC0A00F5BDB8 /* Frameworks */,
				52ECFCE823C4BC0A00F5BDB8 /* Resources */,
			);
			buildRules = (
			);
			dependencies = (
			);
			name = MyTableViewXib;
			productName = MyTableViewXib;
			productReference = 52ECFCEA23C4BC0A00F5BDB8 /* MyTableViewXib.app */;
			productType = "com.apple.product-type.application";
		};
/* End PBXNativeTarget section */

/* Begin PBXProject section */
		52ECFCE223C4BC0A00F5BDB8 /* Project object */ = {
			isa = PBXProject;
			attributes = {
				LastSwiftUpdateCheck = 1130;
				LastUpgradeCheck = 1130;
				ORGANIZATIONNAME = "Eric Grant";
				TargetAttributes = {
					52ECFCE923C4BC0A00F5BDB8 = {
						CreatedOnToolsVersion = 11.3;
					};
				};
			};
			buildConfigurationList = 52ECFCE523C4BC0A00F5BDB8 /* Build configuration list for PBXProject "MyTableViewXib" */;
			compatibilityVersion = "Xcode 9.3";
			developmentRegion = en;
			hasScannedForEncodings = 0;
			knownRegions = (
				en,
				Base,
			);
			mainGroup = 52ECFCE123C4BC0A00F5BDB8;
			productRefGroup = 52ECFCEB23C4BC0A00F5BDB8 /* Products */;
			projectDirPath = "";
			projectRoot = "";
			targets = (
				52ECFCE923C4BC0A00F5BDB8 /* MyTableViewXib */,
			);
		};
/* End PBXProject section */

/* Begin PBXResourcesBuildPhase section */
		52ECFCE823C4BC0A00F5BDB8 /* Resources */ = {
			isa = PBXResourcesBuildPhase;
			buildActionMask = 2147483647;
			files = (
				52ECFCFA23C4BC0B00F5BDB8 /* LaunchScreen.storyboard in Resources */,
				52ECFD0523C4BE6F00F5BDB8 /* TableViewCell.xib in Resources */,
				52ECFCF723C4BC0B00F5BDB8 /* Assets.xcassets in Resources */,
				52ECFD0A23C524F600F5BDB8 /* ComponentVC.xib in Resources */,
				52ECFCF523C4BC0A00F5BDB8 /* Main.storyboard in Resources */,
			);
			runOnlyForDeploymentPostprocessing = 0;
		};
/* End PBXResourcesBuildPhase section */

/* Begin PBXSourcesBuildPhase section */
		52ECFCE623C4BC0A00F5BDB8 /* Sources */ = {
			isa = PBXSourcesBuildPhase;
			buildActionMask = 2147483647;
			files = (
				52ECFCF223C4BC0A00F5BDB8 /* ViewController.swift in Sources */,
				52ECFD0423C4BE6F00F5BDB8 /* TableViewCell.swift in Sources */,
				52ECFD0923C524F600F5BDB8 /* ComponentVC.swift in Sources */,
				52ECFCEE23C4BC0A00F5BDB8 /* AppDelegate.swift in Sources */,
				52ECFCF023C4BC0A00F5BDB8 /* SceneDelegate.swift in Sources */,
			);
			runOnlyForDeploymentPostprocessing = 0;
		};
/* End PBXSourcesBuildPhase section */

/* Begin PBXVariantGroup section */
		52ECFCF323C4BC0A00F5BDB8 /* Main.storyboard */ = {
			isa = PBXVariantGroup;
			children = (
				52ECFCF423C4BC0A00F5BDB8 /* Base */,
			);
			name = Main.storyboard;
			sourceTree = "<group>";
		};
		52ECFCF823C4BC0B00F5BDB8 /* LaunchScreen.storyboard */ = {
			isa = PBXVariantGroup;
			children = (
				52ECFCF923C4BC0B00F5BDB8 /* Base */,
			);
			name = LaunchScreen.storyboard;
			sourceTree = "<group>";
		};
/* End PBXVariantGroup section */

/* Begin XCBuildConfiguration section */
		52ECFCFC23C4BC0B00F5BDB8 /* Debug */ = {
			isa = XCBuildConfiguration;
			buildSettings = {
				ALWAYS_SEARCH_USER_PATHS = NO;
				CLANG_ANALYZER_NONNULL = YES;
				CLANG_ANALYZER_NUMBER_OBJECT_CONVERSION = YES_AGGRESSIVE;
				CLANG_CXX_LANGUAGE_STANDARD = "gnu++14";
				CLANG_CXX_LIBRARY = "libc++";
				CLANG_ENABLE_MODULES = YES;
				CLANG_ENABLE_OBJC_ARC = YES;
				CLANG_ENABLE_OBJC_WEAK = YES;
				CLANG_WARN_BLOCK_CAPTURE_AUTORELEASING = YES;
				CLANG_WARN_BOOL_CONVERSION = YES;
				CLANG_WARN_COMMA = YES;
				CLANG_WARN_CONSTANT_CONVERSION = YES;
				CLANG_WARN_DEPRECATED_OBJC_IMPLEMENTATIONS = YES;
				CLANG_WARN_DIRECT_OBJC_ISA_USAGE = YES_ERROR;
				CLANG_WARN_DOCUMENTATION_COMMENTS = YES;
				CLANG_WARN_EMPTY_BODY = YES;
				CLANG_WARN_ENUM_CONVERSION = YES;
				CLANG_WARN_INFINITE_RECURSION = YES;
				CLANG_WARN_INT_CONVERSION = YES;
				CLANG_WARN_NON_LITERAL_NULL_CONVERSION = YES;
				CLANG_WARN_OBJC_IMPLICIT_RETAIN_SELF = YES;
				CLANG_WARN_OBJC_LITERAL_CONVERSION = YES;
				CLANG_WARN_OBJC_ROOT_CLASS = YES_ERROR;
				CLANG_WARN_RANGE_LOOP_ANALYSIS = YES;
				CLANG_WARN_STRICT_PROTOTYPES = YES;
				CLANG_WARN_SUSPICIOUS_MOVE = YES;
				CLANG_WARN_UNGUARDED_AVAILABILITY = YES_AGGRESSIVE;
				CLANG_WARN_UNREACHABLE_CODE = YES;
				CLANG_WARN__DUPLICATE_METHOD_MATCH = YES;
				COPY_PHASE_STRIP = NO;
				DEBUG_INFORMATION_FORMAT = dwarf;
				ENABLE_STRICT_OBJC_MSGSEND = YES;
				ENABLE_TESTABILITY = YES;
				GCC_C_LANGUAGE_STANDARD = gnu11;
				GCC_DYNAMIC_NO_PIC = NO;
				GCC_NO_COMMON_BLOCKS = YES;
				GCC_OPTIMIZATION_LEVEL = 0;
				GCC_PREPROCESSOR_DEFINITIONS = (
					"DEBUG=1",
					"$(inherited)",
				);
				GCC_WARN_64_TO_32_BIT_CONVERSION = YES;
				GCC_WARN_ABOUT_RETURN_TYPE = YES_ERROR;
				GCC_WARN_UNDECLARED_SELECTOR = YES;
				GCC_WARN_UNINITIALIZED_AUTOS = YES_AGGRESSIVE;
				GCC_WARN_UNUSED_FUNCTION = YES;
				GCC_WARN_UNUSED_VARIABLE = YES;
				IPHONEOS_DEPLOYMENT_TARGET = 13.2;
				MTL_ENABLE_DEBUG_INFO = INCLUDE_SOURCE;
				MTL_FAST_MATH = YES;
				ONLY_ACTIVE_ARCH = YES;
				SDKROOT = iphoneos;
				SWIFT_ACTIVE_COMPILATION_CONDITIONS = DEBUG;
				SWIFT_OPTIMIZATION_LEVEL = "-Onone";
			};
			name = Debug;
		};
		52ECFCFD23C4BC0B00F5BDB8 /* Release */ = {
			isa = XCBuildConfiguration;
			buildSettings = {
				ALWAYS_SEARCH_USER_PATHS = NO;
				CLANG_ANALYZER_NONNULL = YES;
				CLANG_ANALYZER_NUMBER_OBJECT_CONVERSION = YES_AGGRESSIVE;
				CLANG_CXX_LANGUAGE_STANDARD = "gnu++14";
				CLANG_CXX_LIBRARY = "libc++";
				CLANG_ENABLE_MODULES = YES;
				CLANG_ENABLE_OBJC_ARC = YES;
				CLANG_ENABLE_OBJC_WEAK = YES;
				CLANG_WARN_BLOCK_CAPTURE_AUTORELEASING = YES;
				CLANG_WARN_BOOL_CONVERSION = YES;
				CLANG_WARN_COMMA = YES;
				CLANG_WARN_CONSTANT_CONVERSION = YES;
				CLANG_WARN_DEPRECATED_OBJC_IMPLEMENTATIONS = YES;
				CLANG_WARN_DIRECT_OBJC_ISA_USAGE = YES_ERROR;
				CLANG_WARN_DOCUMENTATION_COMMENTS = YES;
				CLANG_WARN_EMPTY_BODY = YES;
				CLANG_WARN_ENUM_CONVERSION = YES;
				CLANG_WARN_INFINITE_RECURSION = YES;
				CLANG_WARN_INT_CONVERSION = YES;
				CLANG_WARN_NON_LITERAL_NULL_CONVERSION = YES;
				CLANG_WARN_OBJC_IMPLICIT_RETAIN_SELF = YES;
				CLANG_WARN_OBJC_LITERAL_CONVERSION = YES;
				CLANG_WARN_OBJC_ROOT_CLASS = YES_ERROR;
				CLANG_WARN_RANGE_LOOP_ANALYSIS = YES;
				CLANG_WARN_STRICT_PROTOTYPES = YES;
				CLANG_WARN_SUSPICIOUS_MOVE = YES;
				CLANG_WARN_UNGUARDED_AVAILABILITY = YES_AGGRESSIVE;
				CLANG_WARN_UNREACHABLE_CODE = YES;
				CLANG_WARN__DUPLICATE_METHOD_MATCH = YES;
				COPY_PHASE_STRIP = NO;
				DEBUG_INFORMATION_FORMAT = "dwarf-with-dsym";
				ENABLE_NS_ASSERTIONS = NO;
				ENABLE_STRICT_OBJC_MSGSEND = YES;
				GCC_C_LANGUAGE_STANDARD = gnu11;
				GCC_NO_COMMON_BLOCKS = YES;
				GCC_WARN_64_TO_32_BIT_CONVERSION = YES;
				GCC_WARN_ABOUT_RETURN_TYPE = YES_ERROR;
				GCC_WARN_UNDECLARED_SELECTOR = YES;
				GCC_WARN_UNINITIALIZED_AUTOS = YES_AGGRESSIVE;
				GCC_WARN_UNUSED_FUNCTION = YES;
				GCC_WARN_UNUSED_VARIABLE = YES;
				IPHONEOS_DEPLOYMENT_TARGET = 13.2;
				MTL_ENABLE_DEBUG_INFO = NO;
				MTL_FAST_MATH = YES;
				SDKROOT = iphoneos;
				SWIFT_COMPILATION_MODE = wholemodule;
				SWIFT_OPTIMIZATION_LEVEL = "-O";
				VALIDATE_PRODUCT = YES;
			};
			name = Release;
		};
		52ECFCFF23C4BC0B00F5BDB8 /* Debug */ = {
			isa = XCBuildConfiguration;
			buildSettings = {
				ASSETCATALOG_COMPILER_APPICON_NAME = AppIcon;
				CODE_SIGN_STYLE = Automatic;
				DEVELOPMENT_TEAM = 972D9Z4QKX;
				INFOPLIST_FILE = MyTableViewXib/Info.plist;
				LD_RUNPATH_SEARCH_PATHS = (
					"$(inherited)",
					"@executable_path/Frameworks",
				);
				PRODUCT_BUNDLE_IDENTIFIER = com.ericgrant.MyTableViewXib;
				PRODUCT_NAME = "$(TARGET_NAME)";
				SWIFT_VERSION = 5.0;
				TARGETED_DEVICE_FAMILY = "1,2";
			};
			name = Debug;
		};
		52ECFD0023C4BC0B00F5BDB8 /* Release */ = {
			isa = XCBuildConfiguration;
			buildSettings = {
				ASSETCATALOG_COMPILER_APPICON_NAME = AppIcon;
				CODE_SIGN_STYLE = Automatic;
				DEVELOPMENT_TEAM = 972D9Z4QKX;
				INFOPLIST_FILE = MyTableViewXib/Info.plist;
				LD_RUNPATH_SEARCH_PATHS = (
					"$(inherited)",
					"@executable_path/Frameworks",
				);
				PRODUCT_BUNDLE_IDENTIFIER = com.ericgrant.MyTableViewXib;
				PRODUCT_NAME = "$(TARGET_NAME)";
				SWIFT_VERSION = 5.0;
				TARGETED_DEVICE_FAMILY = "1,2";
			};
			name = Release;
		};
/* End XCBuildConfiguration section */

/* Begin XCConfigurationList section */
		52ECFCE523C4BC0A00F5BDB8 /* Build configuration list for PBXProject "MyTableViewXib" */ = {
			isa = XCConfigurationList;
			buildConfigurations = (
				52ECFCFC23C4BC0B00F5BDB8 /* Debug */,
				52ECFCFD23C4BC0B00F5BDB8 /* Release */,
			);
			defaultConfigurationIsVisible = 0;
			defaultConfigurationName = Release;
		};
		52ECFCFE23C4BC0B00F5BDB8 /* Build configuration list for PBXNativeTarget "MyTableViewXib" */ = {
			isa = XCConfigurationList;
			buildConfigurations = (
				52ECFCFF23C4BC0B00F5BDB8 /* Debug */,
				52ECFD0023C4BC0B00F5BDB8 /* Release */,
			);
			defaultConfigurationIsVisible = 0;
			defaultConfigurationName = Release;
		};
/* End XCConfigurationList section */
	};
	rootObject = 52ECFCE223C4BC0A00F5BDB8 /* Project object */;
}
